<?xml version="1.0" encoding="utf-8"?>
<Project ToolsVersion="4.0" xmlns="http://schemas.microsoft.com/developer/msbuild/2003">
  <ItemGroup>
    <Filter Include="Source Files">
      <UniqueIdentifier>{4FC737F1-C7A5-4376-A066-2A32D752A2FF}</UniqueIdentifier>
      <Extensions>cpp;c;cc;cxx;def;odl;idl;hpj;bat;asm;asmx</Extensions>
    </Filter>
    <Filter Include="Header Files">
      <UniqueIdentifier>{93995380-89BD-4b04-88EB-625FBE52EBFB}</UniqueIdentifier>
      <Extensions>h;hh;hpp;hxx;hm;inl;inc;xsd</Extensions>
    </Filter>
    <Filter Include="Resource Files">
      <UniqueIdentifier>{67DA6AB6-F800-4c08-8B7A-83BB121AAD01}</UniqueIdentifier>
      <Extensions>rc;ico;cur;bmp;dlg;rc2;rct;bin;rgs;gif;jpg;jpeg;jpe;resx;tiff;tif;png;wav;mfcribbon-ms</Extensions>
    </Filter>
  </ItemGroup>
  <ItemGroup>
    <ClCompile Include="source\starlight\Application.cpp">
      <Filter>Source Files</Filter>
    </ClCompile>
    <ClCompile Include="source\starlight\datatypes\Color.cpp">
      <Filter>Source Files</Filter>
    </ClCompile>
    <ClCompile Include="source\starlight\datatypes\Vector2.cpp">
      <Filter>Source Files</Filter>
    </ClCompile>
    <ClCompile Include="source\starlight\datatypes\VRect.cpp">
      <Filter>Source Files</Filter>
    </ClCompile>
    <ClCompile Include="source\starlight\gfx\BitmapFont.cpp">
      <Filter>Source Files</Filter>
    </ClCompile>
    <ClCompile Include="source\starlight\gfx\DisplayList.cpp">
      <Filter>Source Files</Filter>
    </ClCompile>
    <ClCompile Include="source\starlight\gfx\Drawable.cpp">
      <Filter>Source Files</Filter>
    </ClCompile>
    <ClCompile Include="source\starlight\gfx\DrawableImage.cpp">
      <Filter>Source Files</Filter>
    </ClCompile>
    <ClCompile Include="source\starlight\gfx\DrawableNinePatch.cpp">
      <Filter>Source Files</Filter>
    </ClCompile>
    <ClCompile Include="source\starlight\gfx\DrawableTest.cpp">
      <Filter>Source Files</Filter>
    </ClCompile>
    <ClCompile Include="source\starlight\gfx\DrawContext.cpp">
      <Filter>Source Files</Filter>
    </ClCompile>
    <ClCompile Include="source\starlight\gfx\DrawContextCanvas.cpp">
      <Filter>Source Files</Filter>
    </ClCompile>
    <ClCompile Include="source\starlight\gfx\DrawContextTopScreen.cpp">
      <Filter>Source Files</Filter>
    </ClCompile>
    <ClCompile Include="source\starlight\gfx\DrawContextTouchscreen.cpp">
      <Filter>Source Files</Filter>
    </ClCompile>
    <ClCompile Include="source\starlight\gfx\Font.cpp">
      <Filter>Source Files</Filter>
    </ClCompile>
    <ClCompile Include="source\starlight\gfx\FontBMF.cpp">
      <Filter>Source Files</Filter>
    </ClCompile>
    <ClCompile Include="source\starlight\gfx\RenderCore.cpp">
      <Filter>Source Files</Filter>
    </ClCompile>
    <ClCompile Include="source\starlight\GFXManager.cpp">
      <Filter>Source Files</Filter>
    </ClCompile>
    <ClCompile Include="source\starlight\InputManager.cpp">
      <Filter>Source Files</Filter>
    </ClCompile>
    <ClCompile Include="source\starlight\ThemeManager.cpp">
      <Filter>Source Files</Filter>
    </ClCompile>
    <ClCompile Include="source\starlight\ui\Button.cpp">
      <Filter>Source Files</Filter>
    </ClCompile>
    <ClCompile Include="source\starlight\ui\Image.cpp">
      <Filter>Source Files</Filter>
    </ClCompile>
    <ClCompile Include="source\starlight\ui\Label.cpp">
      <Filter>Source Files</Filter>
    </ClCompile>
    <ClCompile Include="source\starlight\ui\ParallaxLayer.cpp">
      <Filter>Source Files</Filter>
    </ClCompile>
    <ClCompile Include="source\starlight\ui\ScrollField.cpp">
      <Filter>Source Files</Filter>
    </ClCompile>
    <ClCompile Include="source\starlight\ui\TopScreenCanvas.cpp">
      <Filter>Source Files</Filter>
    </ClCompile>
    <ClCompile Include="source\starlight\ui\TouchScreenCanvas.cpp">
      <Filter>Source Files</Filter>
    </ClCompile>
    <ClCompile Include="source\starlight\ui\UICanvas.cpp">
      <Filter>Source Files</Filter>
    </ClCompile>
    <ClCompile Include="source\starlight\ui\UIContainer.cpp">
      <Filter>Source Files</Filter>
    </ClCompile>
    <ClCompile Include="source\starlight\ui\UIElement.cpp">
      <Filter>Source Files</Filter>
    </ClCompile>
    <ClCompile Include="source\starlight\util\WorkerThread.cpp">
      <Filter>Source Files</Filter>
    </ClCompile>
    <ClCompile Include="source\starlight\_incLib\lodepng.cpp">
      <Filter>Source Files</Filter>
    </ClCompile>
    <ClCompile Include="vs_shim.cpp">
      <Filter>Source Files</Filter>
    </ClCompile>
  </ItemGroup>
  <ItemGroup>
    <ClInclude Include="source\starlight\Application.h">
      <Filter>Header Files</Filter>
    </ClInclude>
    <ClInclude Include="source\starlight\datatypes\Color.h">
      <Filter>Header Files</Filter>
    </ClInclude>
    <ClInclude Include="source\starlight\datatypes\OptRef.h">
      <Filter>Header Files</Filter>
    </ClInclude>
    <ClInclude Include="source\starlight\datatypes\Vector2.h">
      <Filter>Header Files</Filter>
    </ClInclude>
    <ClInclude Include="source\starlight\datatypes\VRect.h">
      <Filter>Header Files</Filter>
    </ClInclude>
    <ClInclude Include="source\starlight\gfx\BitmapFont.h">
      <Filter>Header Files</Filter>
    </ClInclude>
    <ClInclude Include="source\starlight\gfx\DisplayList.h">
      <Filter>Header Files</Filter>
    </ClInclude>
    <ClInclude Include="source\starlight\gfx\Drawable.h">
      <Filter>Header Files</Filter>
    </ClInclude>
    <ClInclude Include="source\starlight\gfx\DrawableImage.h">
      <Filter>Header Files</Filter>
    </ClInclude>
    <ClInclude Include="source\starlight\gfx\DrawableNinePatch.h">
      <Filter>Header Files</Filter>
    </ClInclude>
    <ClInclude Include="source\starlight\gfx\DrawableTest.h">
      <Filter>Header Files</Filter>
    </ClInclude>
    <ClInclude Include="source\starlight\gfx\DrawContext.h">
      <Filter>Header Files</Filter>
    </ClInclude>
    <ClInclude Include="source\starlight\gfx\DrawContextCanvas.h">
      <Filter>Header Files</Filter>
    </ClInclude>
    <ClInclude Include="source\starlight\gfx\DrawContextTopScreen.h">
      <Filter>Header Files</Filter>
    </ClInclude>
    <ClInclude Include="source\starlight\gfx\DrawContextTouchscreen.h">
      <Filter>Header Files</Filter>
    </ClInclude>
    <ClInclude Include="source\starlight\gfx\Font.h">
      <Filter>Header Files</Filter>
    </ClInclude>
    <ClInclude Include="source\starlight\gfx\FontBMF.h">
      <Filter>Header Files</Filter>
    </ClInclude>
    <ClInclude Include="source\starlight\gfx\RenderCore.h">
      <Filter>Header Files</Filter>
    </ClInclude>
    <ClInclude Include="source\starlight\gfx\ThemeRef.h">
      <Filter>Header Files</Filter>
    </ClInclude>
    <ClInclude Include="source\starlight\GFXManager.h">
      <Filter>Header Files</Filter>
    </ClInclude>
    <ClInclude Include="source\starlight\InputManager.h">
      <Filter>Header Files</Filter>
    </ClInclude>
    <ClInclude Include="source\starlight\ThemeManager.h">
      <Filter>Header Files</Filter>
    </ClInclude>
    <ClInclude Include="source\starlight\ui\Button.h">
      <Filter>Header Files</Filter>
    </ClInclude>
    <ClInclude Include="source\starlight\ui\Image.h">
      <Filter>Header Files</Filter>
    </ClInclude>
    <ClInclude Include="source\starlight\ui\Label.h">
      <Filter>Header Files</Filter>
    </ClInclude>
    <ClInclude Include="source\starlight\ui\ParallaxLayer.h">
      <Filter>Header Files</Filter>
    </ClInclude>
    <ClInclude Include="source\starlight\ui\ScrollField.h">
      <Filter>Header Files</Filter>
    </ClInclude>
    <ClInclude Include="source\starlight\ui\TopScreenCanvas.h">
      <Filter>Header Files</Filter>
    </ClInclude>
    <ClInclude Include="source\starlight\ui\TouchScreenCanvas.h">
      <Filter>Header Files</Filter>
    </ClInclude>
    <ClInclude Include="source\starlight\ui\UICanvas.h">
      <Filter>Header Files</Filter>
    </ClInclude>
    <ClInclude Include="source\starlight\ui\UIContainer.h">
      <Filter>Header Files</Filter>
    </ClInclude>
    <ClInclude Include="source\starlight\ui\UIElement.h">
      <Filter>Header Files</Filter>
    </ClInclude>
    <ClInclude Include="source\starlight\util\WorkerThread.h">
      <Filter>Header Files</Filter>
    </ClInclude>
    <ClInclude Include="source\starlight\_global.h">
      <Filter>Header Files</Filter>
    </ClInclude>
    <ClInclude Include="source\starlight\_incLib\json.hpp">
      <Filter>Header Files</Filter>
    </ClInclude>
    <ClInclude Include="source\starlight\_incLib\json_fwd.hpp">
      <Filter>Header Files</Filter>
    </ClInclude>
    <ClInclude Include="source\starlight\_incLib\lodepng.h">
      <Filter>Header Files</Filter>
    </ClInclude>
    <ClInclude Include="source\starlight\_incLib\_stringfix.h">
      <Filter>Header Files</Filter>
    </ClInclude>
  </ItemGroup>
</Project>